// !$*UTF8*$!
{
	archiveVersion = 1;
	classes = {
	};
	objectVersion = 50;
	objects = {

/* Begin PBXBuildFile section */
		5A65D4632371773200CE09FC /* ExperienceViewCell.swift in Sources */ = {isa = PBXBuildFile; fileRef = 5A65D4622371773200CE09FC /* ExperienceViewCell.swift */; };
		5A65D46523717B4800CE09FC /* Work.swift in Sources */ = {isa = PBXBuildFile; fileRef = 5A65D46423717B4800CE09FC /* Work.swift */; };
		5A6E929E2369B5DD00149A30 /* AppDelegate.swift in Sources */ = {isa = PBXBuildFile; fileRef = 5A6E929D2369B5DD00149A30 /* AppDelegate.swift */; };
		5A6E92A02369B5DD00149A30 /* SceneDelegate.swift in Sources */ = {isa = PBXBuildFile; fileRef = 5A6E929F2369B5DD00149A30 /* SceneDelegate.swift */; };
		5A6E92A22369B5DD00149A30 /* ViewController.swift in Sources */ = {isa = PBXBuildFile; fileRef = 5A6E92A12369B5DD00149A30 /* ViewController.swift */; };
		5A6E92A52369B5DD00149A30 /* Main.storyboard in Resources */ = {isa = PBXBuildFile; fileRef = 5A6E92A32369B5DD00149A30 /* Main.storyboard */; };
		5A6E92A72369B5DF00149A30 /* Assets.xcassets in Resources */ = {isa = PBXBuildFile; fileRef = 5A6E92A62369B5DF00149A30 /* Assets.xcassets */; };
		5A6E92AA2369B5DF00149A30 /* LaunchScreen.storyboard in Resources */ = {isa = PBXBuildFile; fileRef = 5A6E92A82369B5DF00149A30 /* LaunchScreen.storyboard */; };
		5A6E92B52369B5DF00149A30 /* cvAppTests.swift in Sources */ = {isa = PBXBuildFile; fileRef = 5A6E92B42369B5DF00149A30 /* cvAppTests.swift */; };
		5A6E92C02369B5DF00149A30 /* cvAppUITests.swift in Sources */ = {isa = PBXBuildFile; fileRef = 5A6E92BF2369B5DF00149A30 /* cvAppUITests.swift */; };
		5A6E92CE2369BD9F00149A30 /* CVViewController.swift in Sources */ = {isa = PBXBuildFile; fileRef = 5A6E92CD2369BD9F00149A30 /* CVViewController.swift */; };
		5A6E92D02369CF3300149A30 /* ExperienceViewController.swift in Sources */ = {isa = PBXBuildFile; fileRef = 5A6E92CF2369CF3300149A30 /* ExperienceViewController.swift */; };
		5ACB06F823704F6B006B4A26 /* SkillsViewController.swift in Sources */ = {isa = PBXBuildFile; fileRef = 5ACB06F723704F6B006B4A26 /* SkillsViewController.swift */; };
		5AD26DAC237304EB00C9E923 /* saved.swift in Sources */ = {isa = PBXBuildFile; fileRef = 5AD26DAB237304EB00C9E923 /* saved.swift */; };
		5AD26DAE23730A6400C9E923 /* ExperienceDetailViewController.swift in Sources */ = {isa = PBXBuildFile; fileRef = 5AD26DAD23730A6400C9E923 /* ExperienceDetailViewController.swift */; };
/* End PBXBuildFile section */

/* Begin PBXContainerItemProxy section */
		5A6E92B12369B5DF00149A30 /* PBXContainerItemProxy */ = {
			isa = PBXContainerItemProxy;
			containerPortal = 5A6E92922369B5DD00149A30 /* Project object */;
			proxyType = 1;
			remoteGlobalIDString = 5A6E92992369B5DD00149A30;
			remoteInfo = cvApp;
		};
		5A6E92BC2369B5DF00149A30 /* PBXContainerItemProxy */ = {
			isa = PBXContainerItemProxy;
			containerPortal = 5A6E92922369B5DD00149A30 /* Project object */;
			proxyType = 1;
			remoteGlobalIDString = 5A6E92992369B5DD00149A30;
			remoteInfo = cvApp;
		};
/* End PBXContainerItemProxy section */

/* Begin PBXFileReference section */
		5A65D4622371773200CE09FC /* ExperienceViewCell.swift */ = {isa = PBXFileReference; lastKnownFileType = sourcecode.swift; path = ExperienceViewCell.swift; sourceTree = "<group>"; };
		5A65D46423717B4800CE09FC /* Work.swift */ = {isa = PBXFileReference; lastKnownFileType = sourcecode.swift; path = Work.swift; sourceTree = "<group>"; };
		5A6E929A2369B5DD00149A30 /* cvApp.app */ = {isa = PBXFileReference; explicitFileType = wrapper.application; includeInIndex = 0; path = cvApp.app; sourceTree = BUILT_PRODUCTS_DIR; };
		5A6E929D2369B5DD00149A30 /* AppDelegate.swift */ = {isa = PBXFileReference; lastKnownFileType = sourcecode.swift; path = AppDelegate.swift; sourceTree = "<group>"; };
		5A6E929F2369B5DD00149A30 /* SceneDelegate.swift */ = {isa = PBXFileReference; lastKnownFileType = sourcecode.swift; path = SceneDelegate.swift; sourceTree = "<group>"; };
		5A6E92A12369B5DD00149A30 /* ViewController.swift */ = {isa = PBXFileReference; lastKnownFileType = sourcecode.swift; path = ViewController.swift; sourceTree = "<group>"; };
		5A6E92A42369B5DD00149A30 /* Base */ = {isa = PBXFileReference; lastKnownFileType = file.storyboard; name = Base; path = Base.lproj/Main.storyboard; sourceTree = "<group>"; };
		5A6E92A62369B5DF00149A30 /* Assets.xcassets */ = {isa = PBXFileReference; lastKnownFileType = folder.assetcatalog; path = Assets.xcassets; sourceTree = "<group>"; };
		5A6E92A92369B5DF00149A30 /* Base */ = {isa = PBXFileReference; lastKnownFileType = file.storyboard; name = Base; path = Base.lproj/LaunchScreen.storyboard; sourceTree = "<group>"; };
		5A6E92AB2369B5DF00149A30 /* Info.plist */ = {isa = PBXFileReference; lastKnownFileType = text.plist.xml; path = Info.plist; sourceTree = "<group>"; };
		5A6E92B02369B5DF00149A30 /* cvAppTests.xctest */ = {isa = PBXFileReference; explicitFileType = wrapper.cfbundle; includeInIndex = 0; path = cvAppTests.xctest; sourceTree = BUILT_PRODUCTS_DIR; };
		5A6E92B42369B5DF00149A30 /* cvAppTests.swift */ = {isa = PBXFileReference; lastKnownFileType = sourcecode.swift; path = cvAppTests.swift; sourceTree = "<group>"; };
		5A6E92B62369B5DF00149A30 /* Info.plist */ = {isa = PBXFileReference; lastKnownFileType = text.plist.xml; path = Info.plist; sourceTree = "<group>"; };
		5A6E92BB2369B5DF00149A30 /* cvAppUITests.xctest */ = {isa = PBXFileReference; explicitFileType = wrapper.cfbundle; includeInIndex = 0; path = cvAppUITests.xctest; sourceTree = BUILT_PRODUCTS_DIR; };
		5A6E92BF2369B5DF00149A30 /* cvAppUITests.swift */ = {isa = PBXFileReference; lastKnownFileType = sourcecode.swift; path = cvAppUITests.swift; sourceTree = "<group>"; };
		5A6E92C12369B5DF00149A30 /* Info.plist */ = {isa = PBXFileReference; lastKnownFileType = text.plist.xml; path = Info.plist; sourceTree = "<group>"; };
		5A6E92CD2369BD9F00149A30 /* CVViewController.swift */ = {isa = PBXFileReference; lastKnownFileType = sourcecode.swift; path = CVViewController.swift; sourceTree = "<group>"; };
		5A6E92CF2369CF3300149A30 /* ExperienceViewController.swift */ = {isa = PBXFileReference; lastKnownFileType = sourcecode.swift; path = ExperienceViewController.swift; sourceTree = "<group>"; };
		5ACB06F723704F6B006B4A26 /* SkillsViewController.swift */ = {isa = PBXFileReference; lastKnownFileType = sourcecode.swift; path = SkillsViewController.swift; sourceTree = "<group>"; };
		5AD26DAB237304EB00C9E923 /* saved.swift */ = {isa = PBXFileReference; lastKnownFileType = sourcecode.swift; path = saved.swift; sourceTree = "<group>"; };
		5AD26DAD23730A6400C9E923 /* ExperienceDetailViewController.swift */ = {isa = PBXFileReference; lastKnownFileType = sourcecode.swift; path = ExperienceDetailViewController.swift; sourceTree = "<group>"; };
/* End PBXFileReference section */

/* Begin PBXFrameworksBuildPhase section */
		5A6E92972369B5DD00149A30 /* Frameworks */ = {
			isa = PBXFrameworksBuildPhase;
			buildActionMask = 2147483647;
			files = (
			);
			runOnlyForDeploymentPostprocessing = 0;
		};
		5A6E92AD2369B5DF00149A30 /* Frameworks */ = {
			isa = PBXFrameworksBuildPhase;
			buildActionMask = 2147483647;
			files = (
			);
			runOnlyForDeploymentPostprocessing = 0;
		};
		5A6E92B82369B5DF00149A30 /* Frameworks */ = {
			isa = PBXFrameworksBuildPhase;
			buildActionMask = 2147483647;
			files = (
			);
			runOnlyForDeploymentPostprocessing = 0;
		};
/* End PBXFrameworksBuildPhase section */

/* Begin PBXGroup section */
		5A6E92912369B5DD00149A30 = {
			isa = PBXGroup;
			children = (
				5A6E929C2369B5DD00149A30 /* cvApp */,
				5A6E92B32369B5DF00149A30 /* cvAppTests */,
				5A6E92BE2369B5DF00149A30 /* cvAppUITests */,
				5A6E929B2369B5DD00149A30 /* Products */,
			);
			sourceTree = "<group>";
		};
		5A6E929B2369B5DD00149A30 /* Products */ = {
			isa = PBXGroup;
			children = (
				5A6E929A2369B5DD00149A30 /* cvApp.app */,
				5A6E92B02369B5DF00149A30 /* cvAppTests.xctest */,
				5A6E92BB2369B5DF00149A30 /* cvAppUITests.xctest */,
			);
			name = Products;
			sourceTree = "<group>";
		};
		5A6E929C2369B5DD00149A30 /* cvApp */ = {
			isa = PBXGroup;
			children = (
				5A6E929D2369B5DD00149A30 /* AppDelegate.swift */,
				5A6E929F2369B5DD00149A30 /* SceneDelegate.swift */,
				5A6E92A12369B5DD00149A30 /* ViewController.swift */,
				5A6E92CD2369BD9F00149A30 /* CVViewController.swift */,
				5A6E92CF2369CF3300149A30 /* ExperienceViewController.swift */,
				5A65D4622371773200CE09FC /* ExperienceViewCell.swift */,
				5AD26DAD23730A6400C9E923 /* ExperienceDetailViewController.swift */,
				5A65D46423717B4800CE09FC /* Work.swift */,
				5ACB06F723704F6B006B4A26 /* SkillsViewController.swift */,
				5A6E92A32369B5DD00149A30 /* Main.storyboard */,
				5A6E92A62369B5DF00149A30 /* Assets.xcassets */,
				5A6E92A82369B5DF00149A30 /* LaunchScreen.storyboard */,
				5A6E92AB2369B5DF00149A30 /* Info.plist */,
				5AD26DAB237304EB00C9E923 /* saved.swift */,
			);
			path = cvApp;
			sourceTree = "<group>";
		};
		5A6E92B32369B5DF00149A30 /* cvAppTests */ = {
			isa = PBXGroup;
			children = (
				5A6E92B42369B5DF00149A30 /* cvAppTests.swift */,
				5A6E92B62369B5DF00149A30 /* Info.plist */,
			);
			path = cvAppTests;
			sourceTree = "<group>";
		};
		5A6E92BE2369B5DF00149A30 /* cvAppUITests */ = {
			isa = PBXGroup;
			children = (
				5A6E92BF2369B5DF00149A30 /* cvAppUITests.swift */,
				5A6E92C12369B5DF00149A30 /* Info.plist */,
			);
			path = cvAppUITests;
			sourceTree = "<group>";
		};
/* End PBXGroup section */

/* Begin PBXNativeTarget section */
		5A6E92992369B5DD00149A30 /* cvApp */ = {
			isa = PBXNativeTarget;
			buildConfigurationList = 5A6E92C42369B5DF00149A30 /* Build configuration list for PBXNativeTarget "cvApp" */;
			buildPhases = (
				5A6E92962369B5DD00149A30 /* Sources */,
				5A6E92972369B5DD00149A30 /* Frameworks */,
				5A6E92982369B5DD00149A30 /* Resources */,
			);
			buildRules = (
			);
			dependencies = (
			);
			name = cvApp;
			productName = cvApp;
			productReference = 5A6E929A2369B5DD00149A30 /* cvApp.app */;
			productType = "com.apple.product-type.application";
		};
		5A6E92AF2369B5DF00149A30 /* cvAppTests */ = {
			isa = PBXNativeTarget;
			buildConfigurationList = 5A6E92C72369B5DF00149A30 /* Build configuration list for PBXNativeTarget "cvAppTests" */;
			buildPhases = (
				5A6E92AC2369B5DF00149A30 /* Sources */,
				5A6E92AD2369B5DF00149A30 /* Frameworks */,
				5A6E92AE2369B5DF00149A30 /* Resources */,
			);
			buildRules = (
			);
			dependencies = (
				5A6E92B22369B5DF00149A30 /* PBXTargetDependency */,
			);
			name = cvAppTests;
			productName = cvAppTests;
			productReference = 5A6E92B02369B5DF00149A30 /* cvAppTests.xctest */;
			productType = "com.apple.product-type.bundle.unit-test";
		};
		5A6E92BA2369B5DF00149A30 /* cvAppUITests */ = {
			isa = PBXNativeTarget;
			buildConfigurationList = 5A6E92CA2369B5DF00149A30 /* Build configuration list for PBXNativeTarget "cvAppUITests" */;
			buildPhases = (
				5A6E92B72369B5DF00149A30 /* Sources */,
				5A6E92B82369B5DF00149A30 /* Frameworks */,
				5A6E92B92369B5DF00149A30 /* Resources */,
			);
			buildRules = (
			);
			dependencies = (
				5A6E92BD2369B5DF00149A30 /* PBXTargetDependency */,
			);
			name = cvAppUITests;
			productName = cvAppUITests;
			productReference = 5A6E92BB2369B5DF00149A30 /* cvAppUITests.xctest */;
			productType = "com.apple.product-type.bundle.ui-testing";
		};
/* End PBXNativeTarget section */

/* Begin PBXProject section */
		5A6E92922369B5DD00149A30 /* Project object */ = {
			isa = PBXProject;
			attributes = {
				LastSwiftUpdateCheck = 1100;
				LastUpgradeCheck = 1100;
				ORGANIZATIONNAME = "Emil Persson";
				TargetAttributes = {
					5A6E92992369B5DD00149A30 = {
						CreatedOnToolsVersion = 11.0;
					};
					5A6E92AF2369B5DF00149A30 = {
						CreatedOnToolsVersion = 11.0;
						TestTargetID = 5A6E92992369B5DD00149A30;
					};
					5A6E92BA2369B5DF00149A30 = {
						CreatedOnToolsVersion = 11.0;
						TestTargetID = 5A6E92992369B5DD00149A30;
					};
				};
			};
			buildConfigurationList = 5A6E92952369B5DD00149A30 /* Build configuration list for PBXProject "cvApp" */;
			compatibilityVersion = "Xcode 9.3";
			developmentRegion = en;
			hasScannedForEncodings = 0;
			knownRegions = (
				en,
				Base,
			);
			mainGroup = 5A6E92912369B5DD00149A30;
			productRefGroup = 5A6E929B2369B5DD00149A30 /* Products */;
			projectDirPath = "";
			projectRoot = "";
			targets = (
				5A6E92992369B5DD00149A30 /* cvApp */,
				5A6E92AF2369B5DF00149A30 /* cvAppTests */,
				5A6E92BA2369B5DF00149A30 /* cvAppUITests */,
			);
		};
/* End PBXProject section */

/* Begin PBXResourcesBuildPhase section */
		5A6E92982369B5DD00149A30 /* Resources */ = {
			isa = PBXResourcesBuildPhase;
			buildActionMask = 2147483647;
			files = (
				5A6E92AA2369B5DF00149A30 /* LaunchScreen.storyboard in Resources */,
				5A6E92A72369B5DF00149A30 /* Assets.xcassets in Resources */,
				5A6E92A52369B5DD00149A30 /* Main.storyboard in Resources */,
			);
			runOnlyForDeploymentPostprocessing = 0;
		};
		5A6E92AE2369B5DF00149A30 /* Resources */ = {
			isa = PBXResourcesBuildPhase;
			buildActionMask = 2147483647;
			files = (
			);
			runOnlyForDeploymentPostprocessing = 0;
		};
		5A6E92B92369B5DF00149A30 /* Resources */ = {
			isa = PBXResourcesBuildPhase;
			buildActionMask = 2147483647;
			files = (
			);
			runOnlyForDeploymentPostprocessing = 0;
		};
/* End PBXResourcesBuildPhase section */

/* Begin PBXSourcesBuildPhase section */
		5A6E92962369B5DD00149A30 /* Sources */ = {
			isa = PBXSourcesBuildPhase;
			buildActionMask = 2147483647;
			files = (
				5A65D46523717B4800CE09FC /* Work.swift in Sources */,
				5AD26DAE23730A6400C9E923 /* ExperienceDetailViewController.swift in Sources */,
				5A6E92A22369B5DD00149A30 /* ViewController.swift in Sources */,
				5A6E92CE2369BD9F00149A30 /* CVViewController.swift in Sources */,
				5AD26DAC237304EB00C9E923 /* saved.swift in Sources */,
				5A65D4632371773200CE09FC /* ExperienceViewCell.swift in Sources */,
				5A6E92D02369CF3300149A30 /* ExperienceViewController.swift in Sources */,
				5A6E929E2369B5DD00149A30 /* AppDelegate.swift in Sources */,
				5ACB06F823704F6B006B4A26 /* SkillsViewController.swift in Sources */,
				5A6E92A02369B5DD00149A30 /* SceneDelegate.swift in Sources */,
			);
			runOnlyForDeploymentPostprocessing = 0;
		};
		5A6E92AC2369B5DF00149A30 /* Sources */ = {
			isa = PBXSourcesBuildPhase;
			buildActionMask = 2147483647;
			files = (
				5A6E92B52369B5DF00149A30 /* cvAppTests.swift in Sources */,
			);
			runOnlyForDeploymentPostprocessing = 0;
		};
		5A6E92B72369B5DF00149A30 /* Sources */ = {
			isa = PBXSourcesBuildPhase;
			buildActionMask = 2147483647;
			files = (
				5A6E92C02369B5DF00149A30 /* cvAppUITests.swift in Sources */,
			);
			runOnlyForDeploymentPostprocessing = 0;
		};
/* End PBXSourcesBuildPhase section */

/* Begin PBXTargetDependency section */
		5A6E92B22369B5DF00149A30 /* PBXTargetDependency */ = {
			isa = PBXTargetDependency;
			target = 5A6E92992369B5DD00149A30 /* cvApp */;
			targetProxy = 5A6E92B12369B5DF00149A30 /* PBXContainerItemProxy */;
		};
		5A6E92BD2369B5DF00149A30 /* PBXTargetDependency */ = {
			isa = PBXTargetDependency;
			target = 5A6E92992369B5DD00149A30 /* cvApp */;
			targetProxy = 5A6E92BC2369B5DF00149A30 /* PBXContainerItemProxy */;
		};
/* End PBXTargetDependency section */

/* Begin PBXVariantGroup section */
		5A6E92A32369B5DD00149A30 /* Main.storyboard */ = {
			isa = PBXVariantGroup;
			children = (
				5A6E92A42369B5DD00149A30 /* Base */,
			);
			name = Main.storyboard;
			sourceTree = "<group>";
		};
		5A6E92A82369B5DF00149A30 /* LaunchScreen.storyboard */ = {
			isa = PBXVariantGroup;
			children = (
				5A6E92A92369B5DF00149A30 /* Base */,
			);
			name = LaunchScreen.storyboard;
			sourceTree = "<group>";
		};
/* End PBXVariantGroup section */

/* Begin XCBuildConfiguration section */
		5A6E92C22369B5DF00149A30 /* Debug */ = {
			isa = XCBuildConfiguration;
			buildSettings = {
				ALWAYS_SEARCH_USER_PATHS = NO;
				CLANG_ANALYZER_NONNULL = YES;
				CLANG_ANALYZER_NUMBER_OBJECT_CONVERSION = YES_AGGRESSIVE;
				CLANG_CXX_LANGUAGE_STANDARD = "gnu++14";
				CLANG_CXX_LIBRARY = "libc++";
				CLANG_ENABLE_MODULES = YES;
				CLANG_ENABLE_OBJC_ARC = YES;
				CLANG_ENABLE_OBJC_WEAK = YES;
				CLANG_WARN_BLOCK_CAPTURE_AUTORELEASING = YES;
				CLANG_WARN_BOOL_CONVERSION = YES;
				CLANG_WARN_COMMA = YES;
				CLANG_WARN_CONSTANT_CONVERSION = YES;
				CLANG_WARN_DEPRECATED_OBJC_IMPLEMENTATIONS = YES;
				CLANG_WARN_DIRECT_OBJC_ISA_USAGE = YES_ERROR;
				CLANG_WARN_DOCUMENTATION_COMMENTS = YES;
				CLANG_WARN_EMPTY_BODY = YES;
				CLANG_WARN_ENUM_CONVERSION = YES;
				CLANG_WARN_INFINITE_RECURSION = YES;
				CLANG_WARN_INT_CONVERSION = YES;
				CLANG_WARN_NON_LITERAL_NULL_CONVERSION = YES;
				CLANG_WARN_OBJC_IMPLICIT_RETAIN_SELF = YES;
				CLANG_WARN_OBJC_LITERAL_CONVERSION = YES;
				CLANG_WARN_OBJC_ROOT_CLASS = YES_ERROR;
				CLANG_WARN_RANGE_LOOP_ANALYSIS = YES;
				CLANG_WARN_STRICT_PROTOTYPES = YES;
				CLANG_WARN_SUSPICIOUS_MOVE = YES;
				CLANG_WARN_UNGUARDED_AVAILABILITY = YES_AGGRESSIVE;
				CLANG_WARN_UNREACHABLE_CODE = YES;
				CLANG_WARN__DUPLICATE_METHOD_MATCH = YES;
				COPY_PHASE_STRIP = NO;
				DEBUG_INFORMATION_FORMAT = dwarf;
				ENABLE_STRICT_OBJC_MSGSEND = YES;
				ENABLE_TESTABILITY = YES;
				GCC_C_LANGUAGE_STANDARD = gnu11;
				GCC_DYNAMIC_NO_PIC = NO;
				GCC_NO_COMMON_BLOCKS = YES;
				GCC_OPTIMIZATION_LEVEL = 0;
				GCC_PREPROCESSOR_DEFINITIONS = (
					"DEBUG=1",
					"$(inherited)",
				);
				GCC_WARN_64_TO_32_BIT_CONVERSION = YES;
				GCC_WARN_ABOUT_RETURN_TYPE = YES_ERROR;
				GCC_WARN_UNDECLARED_SELECTOR = YES;
				GCC_WARN_UNINITIALIZED_AUTOS = YES_AGGRESSIVE;
				GCC_WARN_UNUSED_FUNCTION = YES;
				GCC_WARN_UNUSED_VARIABLE = YES;
				IPHONEOS_DEPLOYMENT_TARGET = 13.0;
				MTL_ENABLE_DEBUG_INFO = INCLUDE_SOURCE;
				MTL_FAST_MATH = YES;
				ONLY_ACTIVE_ARCH = YES;
				SDKROOT = iphoneos;
				SWIFT_ACTIVE_COMPILATION_CONDITIONS = DEBUG;
				SWIFT_OPTIMIZATION_LEVEL = "-Onone";
			};
			name = Debug;
		};
		5A6E92C32369B5DF00149A30 /* Release */ = {
			isa = XCBuildConfiguration;
			buildSettings = {
				ALWAYS_SEARCH_USER_PATHS = NO;
				CLANG_ANALYZER_NONNULL = YES;
				CLANG_ANALYZER_NUMBER_OBJECT_CONVERSION = YES_AGGRESSIVE;
				CLANG_CXX_LANGUAGE_STANDARD = "gnu++14";
				CLANG_CXX_LIBRARY = "libc++";
				CLANG_ENABLE_MODULES = YES;
				CLANG_ENABLE_OBJC_ARC = YES;
				CLANG_ENABLE_OBJC_WEAK = YES;
				CLANG_WARN_BLOCK_CAPTURE_AUTORELEASING = YES;
				CLANG_WARN_BOOL_CONVERSION = YES;
				CLANG_WARN_COMMA = YES;
				CLANG_WARN_CONSTANT_CONVERSION = YES;
				CLANG_WARN_DEPRECATED_OBJC_IMPLEMENTATIONS = YES;
				CLANG_WARN_DIRECT_OBJC_ISA_USAGE = YES_ERROR;
				CLANG_WARN_DOCUMENTATION_COMMENTS = YES;
				CLANG_WARN_EMPTY_BODY = YES;
				CLANG_WARN_ENUM_CONVERSION = YES;
				CLANG_WARN_INFINITE_RECURSION = YES;
				CLANG_WARN_INT_CONVERSION = YES;
				CLANG_WARN_NON_LITERAL_NULL_CONVERSION = YES;
				CLANG_WARN_OBJC_IMPLICIT_RETAIN_SELF = YES;
				CLANG_WARN_OBJC_LITERAL_CONVERSION = YES;
				CLANG_WARN_OBJC_ROOT_CLASS = YES_ERROR;
				CLANG_WARN_RANGE_LOOP_ANALYSIS = YES;
				CLANG_WARN_STRICT_PROTOTYPES = YES;
				CLANG_WARN_SUSPICIOUS_MOVE = YES;
				CLANG_WARN_UNGUARDED_AVAILABILITY = YES_AGGRESSIVE;
				CLANG_WARN_UNREACHABLE_CODE = YES;
				CLANG_WARN__DUPLICATE_METHOD_MATCH = YES;
				COPY_PHASE_STRIP = NO;
				DEBUG_INFORMATION_FORMAT = "dwarf-with-dsym";
				ENABLE_NS_ASSERTIONS = NO;
				ENABLE_STRICT_OBJC_MSGSEND = YES;
				GCC_C_LANGUAGE_STANDARD = gnu11;
				GCC_NO_COMMON_BLOCKS = YES;
				GCC_WARN_64_TO_32_BIT_CONVERSION = YES;
				GCC_WARN_ABOUT_RETURN_TYPE = YES_ERROR;
				GCC_WARN_UNDECLARED_SELECTOR = YES;
				GCC_WARN_UNINITIALIZED_AUTOS = YES_AGGRESSIVE;
				GCC_WARN_UNUSED_FUNCTION = YES;
				GCC_WARN_UNUSED_VARIABLE = YES;
				IPHONEOS_DEPLOYMENT_TARGET = 13.0;
				MTL_ENABLE_DEBUG_INFO = NO;
				MTL_FAST_MATH = YES;
				SDKROOT = iphoneos;
				SWIFT_COMPILATION_MODE = wholemodule;
				SWIFT_OPTIMIZATION_LEVEL = "-O";
				VALIDATE_PRODUCT = YES;
			};
			name = Release;
		};
		5A6E92C52369B5DF00149A30 /* Debug */ = {
			isa = XCBuildConfiguration;
			buildSettings = {
				ASSETCATALOG_COMPILER_APPICON_NAME = AppIcon;
				CODE_SIGN_STYLE = Automatic;
				INFOPLIST_FILE = cvApp/Info.plist;
				LD_RUNPATH_SEARCH_PATHS = (
					"$(inherited)",
					"@executable_path/Frameworks",
				);
				PRODUCT_BUNDLE_IDENTIFIER = lab2.cvApp;
				PRODUCT_NAME = "$(TARGET_NAME)";
				SWIFT_VERSION = 5.0;
				TARGETED_DEVICE_FAMILY = "1,2";
			};
			name = Debug;
		};
		5A6E92C62369B5DF00149A30 /* Release */ = {
			isa = XCBuildConfiguration;
			buildSettings = {
				ASSETCATALOG_COMPILER_APPICON_NAME = AppIcon;
				CODE_SIGN_STYLE = Automatic;
				INFOPLIST_FILE = cvApp/Info.plist;
				LD_RUNPATH_SEARCH_PATHS = (
					"$(inherited)",
					"@executable_path/Frameworks",
				);
				PRODUCT_BUNDLE_IDENTIFIER = lab2.cvApp;
				PRODUCT_NAME = "$(TARGET_NAME)";
				SWIFT_VERSION = 5.0;
				TARGETED_DEVICE_FAMILY = "1,2";
			};
			name = Release;
		};
		5A6E92C82369B5DF00149A30 /* Debug */ = {
			isa = XCBuildConfiguration;
			buildSettings = {
				ALWAYS_EMBED_SWIFT_STANDARD_LIBRARIES = YES;
				BUNDLE_LOADER = "$(TEST_HOST)";
				CODE_SIGN_STYLE = Automatic;
				INFOPLIST_FILE = cvAppTests/Info.plist;
				IPHONEOS_DEPLOYMENT_TARGET = 13.0;
				LD_RUNPATH_SEARCH_PATHS = (
					"$(inherited)",
					"@executable_path/Frameworks",
					"@loader_path/Frameworks",
				);
				PRODUCT_BUNDLE_IDENTIFIER = lab2.cvAppTests;
				PRODUCT_NAME = "$(TARGET_NAME)";
				SWIFT_VERSION = 5.0;
				TARGETED_DEVICE_FAMILY = "1,2";
				TEST_HOST = "$(BUILT_PRODUCTS_DIR)/cvApp.app/cvApp";
			};
			name = Debug;
		};
		5A6E92C92369B5DF00149A30 /* Release */ = {
			isa = XCBuildConfiguration;
			buildSettings = {
				ALWAYS_EMBED_SWIFT_STANDARD_LIBRARIES = YES;
				BUNDLE_LOADER = "$(TEST_HOST)";
				CODE_SIGN_STYLE = Automatic;
				INFOPLIST_FILE = cvAppTests/Info.plist;
				IPHONEOS_DEPLOYMENT_TARGET = 13.0;
				LD_RUNPATH_SEARCH_PATHS = (
					"$(inherited)",
					"@executable_path/Frameworks",
					"@loader_path/Frameworks",
				);
				PRODUCT_BUNDLE_IDENTIFIER = lab2.cvAppTests;
				PRODUCT_NAME = "$(TARGET_NAME)";
				SWIFT_VERSION = 5.0;
				TARGETED_DEVICE_FAMILY = "1,2";
				TEST_HOST = "$(BUILT_PRODUCTS_DIR)/cvApp.app/cvApp";
			};
			name = Release;
		};
		5A6E92CB2369B5DF00149A30 /* Debug */ = {
			isa = XCBuildConfiguration;
			buildSettings = {
				ALWAYS_EMBED_SWIFT_STANDARD_LIBRARIES = YES;
				CODE_SIGN_STYLE = Automatic;
				INFOPLIST_FILE = cvAppUITests/Info.plist;
				LD_RUNPATH_SEARCH_PATHS = (
					"$(inherited)",
					"@executable_path/Frameworks",
					"@loader_path/Frameworks",
				);
				PRODUCT_BUNDLE_IDENTIFIER = lab2.cvAppUITests;
				PRODUCT_NAME = "$(TARGET_NAME)";
				SWIFT_VERSION = 5.0;
				TARGETED_DEVICE_FAMILY = "1,2";
				TEST_TARGET_NAME = cvApp;
			};
			name = Debug;
		};
		5A6E92CC2369B5DF00149A30 /* Release */ = {
			isa = XCBuildConfiguration;
			buildSettings = {
				ALWAYS_EMBED_SWIFT_STANDARD_LIBRARIES = YES;
				CODE_SIGN_STYLE = Automatic;
				INFOPLIST_FILE = cvAppUITests/Info.plist;
				LD_RUNPATH_SEARCH_PATHS = (
					"$(inherited)",
					"@executable_path/Frameworks",
					"@loader_path/Frameworks",
				);
				PRODUCT_BUNDLE_IDENTIFIER = lab2.cvAppUITests;
				PRODUCT_NAME = "$(TARGET_NAME)";
				SWIFT_VERSION = 5.0;
				TARGETED_DEVICE_FAMILY = "1,2";
				TEST_TARGET_NAME = cvApp;
			};
			name = Release;
		};
/* End XCBuildConfiguration section */

/* Begin XCConfigurationList section */
		5A6E92952369B5DD00149A30 /* Build configuration list for PBXProject "cvApp" */ = {
			isa = XCConfigurationList;
			buildConfigurations = (
				5A6E92C22369B5DF00149A30 /* Debug */,
				5A6E92C32369B5DF00149A30 /* Release */,
			);
			defaultConfigurationIsVisible = 0;
			defaultConfigurationName = Release;
		};
		5A6E92C42369B5DF00149A30 /* Build configuration list for PBXNativeTarget "cvApp" */ = {
			isa = XCConfigurationList;
			buildConfigurations = (
				5A6E92C52369B5DF00149A30 /* Debug */,
				5A6E92C62369B5DF00149A30 /* Release */,
			);
			defaultConfigurationIsVisible = 0;
			defaultConfigurationName = Release;
		};
		5A6E92C72369B5DF00149A30 /* Build configuration list for PBXNativeTarget "cvAppTests" */ = {
			isa = XCConfigurationList;
			buildConfigurations = (
				5A6E92C82369B5DF00149A30 /* Debug */,
				5A6E92C92369B5DF00149A30 /* Release */,
			);
			defaultConfigurationIsVisible = 0;
			defaultConfigurationName = Release;
		};
		5A6E92CA2369B5DF00149A30 /* Build configuration list for PBXNativeTarget "cvAppUITests" */ = {
			isa = XCConfigurationList;
			buildConfigurations = (
				5A6E92CB2369B5DF00149A30 /* Debug */,
				5A6E92CC2369B5DF00149A30 /* Release */,
			);
			defaultConfigurationIsVisible = 0;
			defaultConfigurationName = Release;
		};
/* End XCConfigurationList section */
	};
	rootObject = 5A6E92922369B5DD00149A30 /* Project object */;
}
